
Microsoft Visual Studio Solution File, Format Version 12.00
# Visual Studio 2012
Project("{FAE04EC0-301F-11D3-BF4B-00C04F79EFBC}") = "Exp", "Exp\Exp.csproj", "{A8FC5841-F60D-4D46-B584-31E42D8A1D4F}"
EndProject
Project("{FAE04EC0-301F-11D3-BF4B-00C04F79EFBC}") = "UnitTests", "UnitTests\UnitTests.csproj", "{49D8C390-9131-4334-B224-779FA3C5922D}"
EndProject
Global
	GlobalSection(SolutionConfigurationPlatforms) = preSolution
		Debug|Any CPU = Debug|Any CPU
		Debug|x86 = Debug|x86
		Release|Any CPU = Release|Any CPU
		Release|x86 = Release|x86
	EndGlobalSection
	GlobalSection(ProjectConfigurationPlatforms) = postSolution
		{A8FC5841-F60D-4D46-B584-31E42D8A1D4F}.Debug|Any CPU.ActiveCfg = Debug|x86
		{A8FC5841-F60D-4D46-B584-31E42D8A1D4F}.Debug|Any CPU.Build.0 = Debug|x86
		{A8FC5841-F60D-4D46-B584-31E42D8A1D4F}.Debug|x86.ActiveCfg = Debug|x86
		{A8FC5841-F60D-4D46-B584-31E42D8A1D4F}.Debug|x86.Build.0 = Debug|x86
		{A8FC5841-F60D-4D46-B584-31E42D8A1D4F}.Release|Any CPU.ActiveCfg = Release|Any CPU
		{A8FC5841-F60D-4D46-B584-31E42D8A1D4F}.Release|Any CPU.Build.0 = Release|Any CPU
		{A8FC5841-F60D-4D46-B584-31E42D8A1D4F}.Release|x86.ActiveCfg = Release|x86
		{A8FC5841-F60D-4D46-B584-31E42D8A1D4F}.Release|x86.Build.0 = Release|x86
		{49D8C390-9131-4334-B224-779FA3C5922D}.Debug|Any CPU.ActiveCfg = Debug|x86
		{49D8C390-9131-4334-B224-779FA3C5922D}.Debug|Any CPU.Build.0 = Debug|x86
		{49D8C390-9131-4334-B224-779FA3C5922D}.Debug|x86.ActiveCfg = Debug|x86
		{49D8C390-9131-4334-B224-779FA3C5922D}.Debug|x86.Build.0 = Debug|x86
		{49D8C390-9131-4334-B224-779FA3C5922D}.Release|Any CPU.ActiveCfg = Release|Any CPU
		{49D8C390-9131-4334-B224-779FA3C5922D}.Release|Any CPU.Build.0 = Release|Any CPU
		{49D8C390-9131-4334-B224-779FA3C5922D}.Release|x86.ActiveCfg = Release|x86
		{49D8C390-9131-4334-B224-779FA3C5922D}.Release|x86.Build.0 = Release|x86
	EndGlobalSection
	GlobalSection(SolutionProperties) = preSolution
		HideSolutionNode = FALSE
	EndGlobalSection
EndGlobal
